Microsoft Visual Studio Solution File, Format Version 11.00
# Visual Studio 2008

Project("{C6BDF6F6-5F38-45DA-9085-E9AE5790B494}") = "A2", "Assembly-CSharp-vs.csproj", "{C3EF76F4-D4A1-6DF5-3BB6-44C184FF475F}"
EndProject
Global
	GlobalSection(SolutionConfigurationPlatforms) = preSolution
		Debug|Any CPU = Debug|Any CPU
		Release|Any CPU = Release|Any CPU
	EndGlobalSection
	GlobalSection(ProjectConfigurationPlatforms) = postSolution
		{C3EF76F4-D4A1-6DF5-3BB6-44C184FF475F}.Debug|Any CPU.ActiveCfg = Debug|Any CPU
		{C3EF76F4-D4A1-6DF5-3BB6-44C184FF475F}.Debug|Any CPU.Build.0 = Debug|Any CPU
		{C3EF76F4-D4A1-6DF5-3BB6-44C184FF475F}.Release|Any CPU.ActiveCfg = Release|Any CPU
		{C3EF76F4-D4A1-6DF5-3BB6-44C184FF475F}.Release|Any CPU.Build.0 = Release|Any CPU
	EndGlobalSection
	GlobalSection(SolutionProperties) = preSolution
		HideSolutionNode = FALSE
	EndGlobalSection
																		GlobalSection(MonoDevelopProperties) = preSolution
		StartupItem = Assembly-CSharp.csproj
		Policies = $0
		$0.TextStylePolicy = $1
		$1.inheritsSet = null
		$1.scope = text/x-csharp
		$0.CSharpFormattingPolicy = $2
		$2.inheritsSet = Mono
		$2.inheritsScope = text/x-csharp
		$2.scope = text/x-csharp
		$0.TextStylePolicy = $3
		$3.FileWidth = 120
		$3.TabWidth = 4
		$3.EolMarker = Unix
		$3.inheritsSet = Mono
		$3.inheritsScope = text/plain
		$3.scope = text/plain
	EndGlobalSection

EndGlobal
